<?xml version="1.0" encoding="utf-8"?>
<Project ToolsVersion="17.0" xmlns="http://schemas.microsoft.com/developer/msbuild/2003">
  <ItemGroup>
    <CustomBuild Include="C:\Users\liuzi\AppData\Local\Temp\vibe-kanban\worktrees\7cfc-60-80s\CT_FGO\build_vcpkg\CMakeFiles\d43cc84a608f61b472b066c0afc47b41\NightlyMemoryCheck.rule">
      <Filter>CMake Rules</Filter>
    </CustomBuild>
    <CustomBuild Include="C:\Users\liuzi\AppData\Local\Temp\vibe-kanban\worktrees\7cfc-60-80s\CT_FGO\src\thirdparty\abseil-cpp\CMakeLists.txt" />
  </ItemGroup>
  <ItemGroup>
    <None Include="C:\Users\liuzi\AppData\Local\Temp\vibe-kanban\worktrees\7cfc-60-80s\CT_FGO\build_vcpkg\abseil-cpp\CMakeFiles\NightlyMemoryCheck" />
  </ItemGroup>
  <ItemGroup>
    <Filter Include="CMake Rules">
      <UniqueIdentifier>{EE1B82EF-1753-366C-9F01-097D49B4EED7}</UniqueIdentifier>
    </Filter>
  </ItemGroup>
</Project>
