<?xml version="1.0" encoding="utf-8"?>
<Project ToolsVersion="17.0" xmlns="http://schemas.microsoft.com/developer/msbuild/2003">
  <ItemGroup>
    <CustomBuild Include="C:\Users\liuzi\AppData\Local\Temp\vibe-kanban\worktrees\7cfc-60-80s\CT_FGO\build_vcpkg\CMakeFiles\93deca69a345f5f813c15d256545448f\RUN_TESTS_force.rule">
      <Filter>CMake Rules</Filter>
    </CustomBuild>
  </ItemGroup>
  <ItemGroup>
    <Filter Include="CMake Rules">
      <UniqueIdentifier>{EE1B82EF-1753-366C-9F01-097D49B4EED7}</UniqueIdentifier>
    </Filter>
  </ItemGroup>
</Project>
