<?xml version="1.0" encoding="utf-8"?>
<Project ToolsVersion="17.0" xmlns="http://schemas.microsoft.com/developer/msbuild/2003">
  <ItemGroup>
    <CustomBuild Include="C:\Users\liuzi\AppData\Local\Temp\vibe-kanban\worktrees\7e92-60-80s\CT_FGO\build_scan\CMakeFiles\78471cc4402184370c1321c51622fead\RUN_TESTS_force.rule">
      <Filter>CMake Rules</Filter>
    </CustomBuild>
  </ItemGroup>
  <ItemGroup>
    <Filter Include="CMake Rules">
      <UniqueIdentifier>{E3EFEF9F-9DAF-3B44-836A-60452271E09E}</UniqueIdentifier>
    </Filter>
  </ItemGroup>
</Project>
