<?xml version="1.0" encoding="utf-8"?>
<Project ToolsVersion="17.0" xmlns="http://schemas.microsoft.com/developer/msbuild/2003">
  <ItemGroup>
    <ClCompile Include="C:\Users\liuzi\AppData\Local\Temp\vibe-kanban\worktrees\7cfc-60-80s\CT_FGO\src\thirdparty\abseil-cpp\absl\container\internal\raw_hash_set.cc">
      <Filter>Source Files</Filter>
    </ClCompile>
  </ItemGroup>
  <ItemGroup>
    <ClInclude Include="C:\Users\liuzi\AppData\Local\Temp\vibe-kanban\worktrees\7cfc-60-80s\CT_FGO\src\thirdparty\abseil-cpp\absl\container\internal\raw_hash_set.h">
      <Filter>Header Files</Filter>
    </ClInclude>
  </ItemGroup>
  <ItemGroup>
    <CustomBuild Include="C:\Users\liuzi\AppData\Local\Temp\vibe-kanban\worktrees\7cfc-60-80s\CT_FGO\src\thirdparty\abseil-cpp\absl\container\CMakeLists.txt" />
  </ItemGroup>
  <ItemGroup>
    <Filter Include="Header Files">
      <UniqueIdentifier>{F10F056D-B501-3E67-B68D-AF26A32B3CB0}</UniqueIdentifier>
    </Filter>
    <Filter Include="Source Files">
      <UniqueIdentifier>{990C3EA5-FFF0-3FAC-951C-48AE43E0357C}</UniqueIdentifier>
    </Filter>
  </ItemGroup>
</Project>
